
Microsoft Visual Studio Solution File, Format Version 12.00
# Visual Studio Version 16
VisualStudioVersion = 16.0.31105.61
MinimumVisualStudioVersion = 10.0.40219.1
Project("{FAE04EC0-301F-11D3-BF4B-00C04F79EFBC}") = "DoAn", "DoAn\DoAn.csproj", "{3C470B20-63D7-42F4-88DA-97D5F0FAB3CC}"
EndProject
Global
	GlobalSection(SolutionConfigurationPlatforms) = preSolution
		Debug|Any CPU = Debug|Any CPU
		Release|Any CPU = Release|Any CPU
	EndGlobalSection
	GlobalSection(ProjectConfigurationPlatforms) = postSolution
		{3C470B20-63D7-42F4-88DA-97D5F0FAB3CC}.Debug|Any CPU.ActiveCfg = Debug|Any CPU
		{3C470B20-63D7-42F4-88DA-97D5F0FAB3CC}.Debug|Any CPU.Build.0 = Debug|Any CPU
		{3C470B20-63D7-42F4-88DA-97D5F0FAB3CC}.Release|Any CPU.ActiveCfg = Release|Any CPU
		{3C470B20-63D7-42F4-88DA-97D5F0FAB3CC}.Release|Any CPU.Build.0 = Release|Any CPU
	EndGlobalSection
	GlobalSection(SolutionProperties) = preSolution
		HideSolutionNode = FALSE
	EndGlobalSection
	GlobalSection(ExtensibilityGlobals) = postSolution
		SolutionGuid = {3AE9A62C-E7B1-410A-B991-8B33853FD94B}
	EndGlobalSection
EndGlobal
